// !$*UTF8*$!
{
	archiveVersion = 1;
	classes = {
	};
	objectVersion = 52;
	objects = {

/* Begin PBXBuildFile section */
		D622D8D625CDCC87002B17EE /* MultilineTextView.swift in Sources */ = {isa = PBXBuildFile; fileRef = D622D8D525CDCC87002B17EE /* MultilineTextView.swift */; };
		D622D8D725CDCC87002B17EE /* MultilineTextView.swift in Sources */ = {isa = PBXBuildFile; fileRef = D622D8D525CDCC87002B17EE /* MultilineTextView.swift */; };
		D6731A9E25C86CC2005B137A /* ScaledFont.swift in Sources */ = {isa = PBXBuildFile; fileRef = D6731A9D25C86CC2005B137A /* ScaledFont.swift */; };
		D6731A9F25C86CC3005B137A /* ScaledFont.swift in Sources */ = {isa = PBXBuildFile; fileRef = D6731A9D25C86CC2005B137A /* ScaledFont.swift */; };
		D68D29B625C73FF700B4DC67 /* Color+Extension.swift in Sources */ = {isa = PBXBuildFile; fileRef = D68D29B525C73FF700B4DC67 /* Color+Extension.swift */; };
		D6925D2B25CE51980081F753 /* TextView.swift in Sources */ = {isa = PBXBuildFile; fileRef = D6925D2A25CE51980081F753 /* TextView.swift */; };
		D6925D2C25CE51980081F753 /* TextView.swift in Sources */ = {isa = PBXBuildFile; fileRef = D6925D2A25CE51980081F753 /* TextView.swift */; };
		D6925D2E25CE91990081F753 /* MediumAccountInfoView_Medium.swift in Sources */ = {isa = PBXBuildFile; fileRef = D6925D2D25CE91990081F753 /* MediumAccountInfoView_Medium.swift */; };
		D6925D2F25CE91990081F753 /* MediumAccountInfoView_Medium.swift in Sources */ = {isa = PBXBuildFile; fileRef = D6925D2D25CE91990081F753 /* MediumAccountInfoView_Medium.swift */; };
		D6925D3125CEBA4E0081F753 /* MediumAccountInfoView_Large.swift in Sources */ = {isa = PBXBuildFile; fileRef = D6925D3025CEBA4E0081F753 /* MediumAccountInfoView_Large.swift */; };
		D6925D3225CEBA4E0081F753 /* MediumAccountInfoView_Large.swift in Sources */ = {isa = PBXBuildFile; fileRef = D6925D3025CEBA4E0081F753 /* MediumAccountInfoView_Large.swift */; };
		D6925D3425CF1C8D0081F753 /* FollowersView.swift in Sources */ = {isa = PBXBuildFile; fileRef = D6925D3325CF1C8C0081F753 /* FollowersView.swift */; };
		D6925D3525CF1C8D0081F753 /* FollowersView.swift in Sources */ = {isa = PBXBuildFile; fileRef = D6925D3325CF1C8C0081F753 /* FollowersView.swift */; };
		D6A6027F25CF49500040430C /* ImageLoader.swift in Sources */ = {isa = PBXBuildFile; fileRef = D6A6027E25CF49500040430C /* ImageLoader.swift */; };
		D6A6028025CF49500040430C /* ImageLoader.swift in Sources */ = {isa = PBXBuildFile; fileRef = D6A6027E25CF49500040430C /* ImageLoader.swift */; };
		D6A6028225CF54650040430C /* default-profile-icon.jpg in Resources */ = {isa = PBXBuildFile; fileRef = D6A6028125CF54650040430C /* default-profile-icon.jpg */; };
		D6BEB94D25C7288B00D89546 /* MediumFollowersApp.swift in Sources */ = {isa = PBXBuildFile; fileRef = D6BEB94C25C7288B00D89546 /* MediumFollowersApp.swift */; };
		D6BEB94F25C7288B00D89546 /* ContentView.swift in Sources */ = {isa = PBXBuildFile; fileRef = D6BEB94E25C7288B00D89546 /* ContentView.swift */; };
		D6BEB95125C7288E00D89546 /* Assets.xcassets in Resources */ = {isa = PBXBuildFile; fileRef = D6BEB95025C7288E00D89546 /* Assets.xcassets */; };
		D6BEB95425C7288E00D89546 /* Preview Assets.xcassets in Resources */ = {isa = PBXBuildFile; fileRef = D6BEB95325C7288E00D89546 /* Preview Assets.xcassets */; };
		D6BEB95F25C7295500D89546 /* SwiftSoup in Frameworks */ = {isa = PBXBuildFile; productRef = D6BEB95E25C7295500D89546 /* SwiftSoup */; };
		D6BEB96525C72F3C00D89546 /* MediumDataFetcher.swift in Sources */ = {isa = PBXBuildFile; fileRef = D6BEB96425C72F3C00D89546 /* MediumDataFetcher.swift */; };
		D6BEB96825C72F9900D89546 /* CounterView.swift in Sources */ = {isa = PBXBuildFile; fileRef = D6BEB96725C72F9900D89546 /* CounterView.swift */; };
		D6BEB96E25C7312500D89546 /* CircleImageView.swift in Sources */ = {isa = PBXBuildFile; fileRef = D6BEB96D25C7312500D89546 /* CircleImageView.swift */; };
		D6C8F8A525C9D34C00472BAB /* ProfileView.swift in Sources */ = {isa = PBXBuildFile; fileRef = D6C8F8A425C9D34C00472BAB /* ProfileView.swift */; };
		D6C8F8A625C9D34C00472BAB /* ProfileView.swift in Sources */ = {isa = PBXBuildFile; fileRef = D6C8F8A425C9D34C00472BAB /* ProfileView.swift */; };
		D6C8F8A825C9D57800472BAB /* MediumAccountInfoView_Small.swift in Sources */ = {isa = PBXBuildFile; fileRef = D6C8F8A725C9D57800472BAB /* MediumAccountInfoView_Small.swift */; };
		D6C8F8A925C9D57800472BAB /* MediumAccountInfoView_Small.swift in Sources */ = {isa = PBXBuildFile; fileRef = D6C8F8A725C9D57800472BAB /* MediumAccountInfoView_Small.swift */; };
		D6C8F8AB25CA585B00472BAB /* User.swift in Sources */ = {isa = PBXBuildFile; fileRef = D6C8F8AA25CA585B00472BAB /* User.swift */; };
		D6C8F8AC25CA585B00472BAB /* User.swift in Sources */ = {isa = PBXBuildFile; fileRef = D6C8F8AA25CA585B00472BAB /* User.swift */; };
		D6C8F8AE25CA772600472BAB /* MediumAccountInfo.swift in Sources */ = {isa = PBXBuildFile; fileRef = D6C8F8AD25CA772600472BAB /* MediumAccountInfo.swift */; };
		D6C8F8AF25CA772600472BAB /* MediumAccountInfo.swift in Sources */ = {isa = PBXBuildFile; fileRef = D6C8F8AD25CA772600472BAB /* MediumAccountInfo.swift */; };
		D6E2F27125C7662600F8DA23 /* WidgetKit.framework in Frameworks */ = {isa = PBXBuildFile; fileRef = D6E2F27025C7662600F8DA23 /* WidgetKit.framework */; };
		D6E2F27325C7662600F8DA23 /* SwiftUI.framework in Frameworks */ = {isa = PBXBuildFile; fileRef = D6E2F27225C7662600F8DA23 /* SwiftUI.framework */; };
		D6E2F27625C7662600F8DA23 /* Not_Medium_Widget.swift in Sources */ = {isa = PBXBuildFile; fileRef = D6E2F27525C7662600F8DA23 /* Not_Medium_Widget.swift */; };
		D6E2F27925C7662700F8DA23 /* Assets.xcassets in Resources */ = {isa = PBXBuildFile; fileRef = D6E2F27825C7662700F8DA23 /* Assets.xcassets */; };
		D6E2F27B25C7662700F8DA23 /* Not_Medium_Widget.intentdefinition in Sources */ = {isa = PBXBuildFile; fileRef = D6E2F27725C7662600F8DA23 /* Not_Medium_Widget.intentdefinition */; };
		D6E2F27C25C7662700F8DA23 /* Not_Medium_Widget.intentdefinition in Sources */ = {isa = PBXBuildFile; fileRef = D6E2F27725C7662600F8DA23 /* Not_Medium_Widget.intentdefinition */; };
		D6E2F27F25C7662700F8DA23 /* Not Medium WidgetExtension.appex in Embed App Extensions */ = {isa = PBXBuildFile; fileRef = D6E2F26E25C7662600F8DA23 /* Not Medium WidgetExtension.appex */; settings = {ATTRIBUTES = (RemoveHeadersOnCopy, ); }; };
		D6E2F28725C766D200F8DA23 /* CounterView.swift in Sources */ = {isa = PBXBuildFile; fileRef = D6BEB96725C72F9900D89546 /* CounterView.swift */; };
		D6E2F28825C766D200F8DA23 /* MediumDataFetcher.swift in Sources */ = {isa = PBXBuildFile; fileRef = D6BEB96425C72F3C00D89546 /* MediumDataFetcher.swift */; };
		D6E2F28925C766D200F8DA23 /* Color+Extension.swift in Sources */ = {isa = PBXBuildFile; fileRef = D68D29B525C73FF700B4DC67 /* Color+Extension.swift */; };
		D6E2F28B25C766D200F8DA23 /* CircleImageView.swift in Sources */ = {isa = PBXBuildFile; fileRef = D6BEB96D25C7312500D89546 /* CircleImageView.swift */; };
		D6E2F28F25C76C8C00F8DA23 /* SwiftSoup in Frameworks */ = {isa = PBXBuildFile; productRef = D6E2F28E25C76C8C00F8DA23 /* SwiftSoup */; };
/* End PBXBuildFile section */

/* Begin PBXContainerItemProxy section */
		D6E2F27D25C7662700F8DA23 /* PBXContainerItemProxy */ = {
			isa = PBXContainerItemProxy;
			containerPortal = D6BEB94125C7288B00D89546 /* Project object */;
			proxyType = 1;
			remoteGlobalIDString = D6E2F26D25C7662600F8DA23;
			remoteInfo = "Not Medium WidgetExtension";
		};
/* End PBXContainerItemProxy section */

/* Begin PBXCopyFilesBuildPhase section */
		D6E2F28025C7662700F8DA23 /* Embed App Extensions */ = {
			isa = PBXCopyFilesBuildPhase;
			buildActionMask = 2147483647;
			dstPath = "";
			dstSubfolderSpec = 13;
			files = (
				D6E2F27F25C7662700F8DA23 /* Not Medium WidgetExtension.appex in Embed App Extensions */,
			);
			name = "Embed App Extensions";
			runOnlyForDeploymentPostprocessing = 0;
		};
/* End PBXCopyFilesBuildPhase section */

/* Begin PBXFileReference section */
		D622D8D525CDCC87002B17EE /* MultilineTextView.swift */ = {isa = PBXFileReference; lastKnownFileType = sourcecode.swift; path = MultilineTextView.swift; sourceTree = "<group>"; };
		D6731A9D25C86CC2005B137A /* ScaledFont.swift */ = {isa = PBXFileReference; lastKnownFileType = sourcecode.swift; path = ScaledFont.swift; sourceTree = "<group>"; };
		D68D29B525C73FF700B4DC67 /* Color+Extension.swift */ = {isa = PBXFileReference; lastKnownFileType = sourcecode.swift; path = "Color+Extension.swift"; sourceTree = "<group>"; };
		D6925D2A25CE51980081F753 /* TextView.swift */ = {isa = PBXFileReference; lastKnownFileType = sourcecode.swift; path = TextView.swift; sourceTree = "<group>"; };
		D6925D2D25CE91990081F753 /* MediumAccountInfoView_Medium.swift */ = {isa = PBXFileReference; lastKnownFileType = sourcecode.swift; path = MediumAccountInfoView_Medium.swift; sourceTree = "<group>"; };
		D6925D3025CEBA4E0081F753 /* MediumAccountInfoView_Large.swift */ = {isa = PBXFileReference; lastKnownFileType = sourcecode.swift; path = MediumAccountInfoView_Large.swift; sourceTree = "<group>"; };
		D6925D3325CF1C8C0081F753 /* FollowersView.swift */ = {isa = PBXFileReference; lastKnownFileType = sourcecode.swift; path = FollowersView.swift; sourceTree = "<group>"; };
		D6A6027E25CF49500040430C /* ImageLoader.swift */ = {isa = PBXFileReference; lastKnownFileType = sourcecode.swift; path = ImageLoader.swift; sourceTree = "<group>"; };
		D6A6028125CF54650040430C /* default-profile-icon.jpg */ = {isa = PBXFileReference; lastKnownFileType = image.jpeg; path = "default-profile-icon.jpg"; sourceTree = "<group>"; };
		D6BEB94925C7288B00D89546 /* MediumFollowers.app */ = {isa = PBXFileReference; explicitFileType = wrapper.application; includeInIndex = 0; path = MediumFollowers.app; sourceTree = BUILT_PRODUCTS_DIR; };
		D6BEB94C25C7288B00D89546 /* MediumFollowersApp.swift */ = {isa = PBXFileReference; lastKnownFileType = sourcecode.swift; path = MediumFollowersApp.swift; sourceTree = "<group>"; };
		D6BEB94E25C7288B00D89546 /* ContentView.swift */ = {isa = PBXFileReference; lastKnownFileType = sourcecode.swift; path = ContentView.swift; sourceTree = "<group>"; };
		D6BEB95025C7288E00D89546 /* Assets.xcassets */ = {isa = PBXFileReference; lastKnownFileType = folder.assetcatalog; path = Assets.xcassets; sourceTree = "<group>"; };
		D6BEB95325C7288E00D89546 /* Preview Assets.xcassets */ = {isa = PBXFileReference; lastKnownFileType = folder.assetcatalog; path = "Preview Assets.xcassets"; sourceTree = "<group>"; };
		D6BEB95525C7288E00D89546 /* Info.plist */ = {isa = PBXFileReference; lastKnownFileType = text.plist.xml; path = Info.plist; sourceTree = "<group>"; };
		D6BEB96425C72F3C00D89546 /* MediumDataFetcher.swift */ = {isa = PBXFileReference; lastKnownFileType = sourcecode.swift; path = MediumDataFetcher.swift; sourceTree = "<group>"; };
		D6BEB96725C72F9900D89546 /* CounterView.swift */ = {isa = PBXFileReference; lastKnownFileType = sourcecode.swift; path = CounterView.swift; sourceTree = "<group>"; };
		D6BEB96D25C7312500D89546 /* CircleImageView.swift */ = {isa = PBXFileReference; lastKnownFileType = sourcecode.swift; path = CircleImageView.swift; sourceTree = "<group>"; };
		D6C8F8A425C9D34C00472BAB /* ProfileView.swift */ = {isa = PBXFileReference; lastKnownFileType = sourcecode.swift; path = ProfileView.swift; sourceTree = "<group>"; };
		D6C8F8A725C9D57800472BAB /* MediumAccountInfoView_Small.swift */ = {isa = PBXFileReference; lastKnownFileType = sourcecode.swift; path = MediumAccountInfoView_Small.swift; sourceTree = "<group>"; };
		D6C8F8AA25CA585B00472BAB /* User.swift */ = {isa = PBXFileReference; lastKnownFileType = sourcecode.swift; path = User.swift; sourceTree = "<group>"; };
		D6C8F8AD25CA772600472BAB /* MediumAccountInfo.swift */ = {isa = PBXFileReference; lastKnownFileType = sourcecode.swift; path = MediumAccountInfo.swift; sourceTree = "<group>"; };
		D6E2F26E25C7662600F8DA23 /* Not Medium WidgetExtension.appex */ = {isa = PBXFileReference; explicitFileType = "wrapper.app-extension"; includeInIndex = 0; path = "Not Medium WidgetExtension.appex"; sourceTree = BUILT_PRODUCTS_DIR; };
		D6E2F27025C7662600F8DA23 /* WidgetKit.framework */ = {isa = PBXFileReference; lastKnownFileType = wrapper.framework; name = WidgetKit.framework; path = System/Library/Frameworks/WidgetKit.framework; sourceTree = SDKROOT; };
		D6E2F27225C7662600F8DA23 /* SwiftUI.framework */ = {isa = PBXFileReference; lastKnownFileType = wrapper.framework; name = SwiftUI.framework; path = System/Library/Frameworks/SwiftUI.framework; sourceTree = SDKROOT; };
		D6E2F27525C7662600F8DA23 /* Not_Medium_Widget.swift */ = {isa = PBXFileReference; lastKnownFileType = sourcecode.swift; path = Not_Medium_Widget.swift; sourceTree = "<group>"; };
		D6E2F27725C7662600F8DA23 /* Not_Medium_Widget.intentdefinition */ = {isa = PBXFileReference; lastKnownFileType = file.intentdefinition; path = Not_Medium_Widget.intentdefinition; sourceTree = "<group>"; };
		D6E2F27825C7662700F8DA23 /* Assets.xcassets */ = {isa = PBXFileReference; lastKnownFileType = folder.assetcatalog; path = Assets.xcassets; sourceTree = "<group>"; };
		D6E2F27A25C7662700F8DA23 /* Info.plist */ = {isa = PBXFileReference; lastKnownFileType = text.plist.xml; path = Info.plist; sourceTree = "<group>"; };
/* End PBXFileReference section */

/* Begin PBXFrameworksBuildPhase section */
		D6BEB94625C7288B00D89546 /* Frameworks */ = {
			isa = PBXFrameworksBuildPhase;
			buildActionMask = 2147483647;
			files = (
				D6BEB95F25C7295500D89546 /* SwiftSoup in Frameworks */,
			);
			runOnlyForDeploymentPostprocessing = 0;
		};
		D6E2F26B25C7662600F8DA23 /* Frameworks */ = {
			isa = PBXFrameworksBuildPhase;
			buildActionMask = 2147483647;
			files = (
				D6E2F27325C7662600F8DA23 /* SwiftUI.framework in Frameworks */,
				D6E2F27125C7662600F8DA23 /* WidgetKit.framework in Frameworks */,
				D6E2F28F25C76C8C00F8DA23 /* SwiftSoup in Frameworks */,
			);
			runOnlyForDeploymentPostprocessing = 0;
		};
/* End PBXFrameworksBuildPhase section */

/* Begin PBXGroup section */
		D6BEB94025C7288B00D89546 = {
			isa = PBXGroup;
			children = (
				D6BEB94B25C7288B00D89546 /* MediumFollowers */,
				D6E2F27425C7662600F8DA23 /* Not Medium Widget */,
				D6E2F26F25C7662600F8DA23 /* Frameworks */,
				D6BEB94A25C7288B00D89546 /* Products */,
			);
			sourceTree = "<group>";
		};
		D6BEB94A25C7288B00D89546 /* Products */ = {
			isa = PBXGroup;
			children = (
				D6BEB94925C7288B00D89546 /* MediumFollowers.app */,
				D6E2F26E25C7662600F8DA23 /* Not Medium WidgetExtension.appex */,
			);
			name = Products;
			sourceTree = "<group>";
		};
		D6BEB94B25C7288B00D89546 /* MediumFollowers */ = {
			isa = PBXGroup;
			children = (
				D6BEB94C25C7288B00D89546 /* MediumFollowersApp.swift */,
				D6BEB94E25C7288B00D89546 /* ContentView.swift */,
				D6BEB96B25C72FB300D89546 /* View */,
				D6BEB96A25C72FA400D89546 /* Model */,
				D6BEB95C25C7289C00D89546 /* NetworkLayer */,
				D68D29B525C73FF700B4DC67 /* Color+Extension.swift */,
				D6731A9D25C86CC2005B137A /* ScaledFont.swift */,
				D6BEB95025C7288E00D89546 /* Assets.xcassets */,
				D6BEB95525C7288E00D89546 /* Info.plist */,
				D6A6028125CF54650040430C /* default-profile-icon.jpg */,
				D6BEB95225C7288E00D89546 /* Preview Content */,
			);
			path = MediumFollowers;
			sourceTree = "<group>";
		};
		D6BEB95225C7288E00D89546 /* Preview Content */ = {
			isa = PBXGroup;
			children = (
				D6BEB95325C7288E00D89546 /* Preview Assets.xcassets */,
			);
			path = "Preview Content";
			sourceTree = "<group>";
		};
		D6BEB95C25C7289C00D89546 /* NetworkLayer */ = {
			isa = PBXGroup;
			children = (
				D6BEB96425C72F3C00D89546 /* MediumDataFetcher.swift */,
				D6A6027E25CF49500040430C /* ImageLoader.swift */,
			);
			path = NetworkLayer;
			sourceTree = "<group>";
		};
		D6BEB96A25C72FA400D89546 /* Model */ = {
			isa = PBXGroup;
			children = (
				D6C8F8AA25CA585B00472BAB /* User.swift */,
				D6C8F8AD25CA772600472BAB /* MediumAccountInfo.swift */,
			);
			path = Model;
			sourceTree = "<group>";
		};
		D6BEB96B25C72FB300D89546 /* View */ = {
			isa = PBXGroup;
			children = (
				D6C8F8A725C9D57800472BAB /* MediumAccountInfoView_Small.swift */,
				D6925D2D25CE91990081F753 /* MediumAccountInfoView_Medium.swift */,
				D6925D3025CEBA4E0081F753 /* MediumAccountInfoView_Large.swift */,
				D6C8F8A425C9D34C00472BAB /* ProfileView.swift */,
				D6BEB96D25C7312500D89546 /* CircleImageView.swift */,
				D6BEB96725C72F9900D89546 /* CounterView.swift */,
				D622D8D525CDCC87002B17EE /* MultilineTextView.swift */,
				D6925D2A25CE51980081F753 /* TextView.swift */,
				D6925D3325CF1C8C0081F753 /* FollowersView.swift */,
			);
			path = View;
			sourceTree = "<group>";
		};
		D6E2F26F25C7662600F8DA23 /* Frameworks */ = {
			isa = PBXGroup;
			children = (
				D6E2F27025C7662600F8DA23 /* WidgetKit.framework */,
				D6E2F27225C7662600F8DA23 /* SwiftUI.framework */,
			);
			name = Frameworks;
			sourceTree = "<group>";
		};
		D6E2F27425C7662600F8DA23 /* Not Medium Widget */ = {
			isa = PBXGroup;
			children = (
				D6E2F27525C7662600F8DA23 /* Not_Medium_Widget.swift */,
				D6E2F27725C7662600F8DA23 /* Not_Medium_Widget.intentdefinition */,
				D6E2F27825C7662700F8DA23 /* Assets.xcassets */,
				D6E2F27A25C7662700F8DA23 /* Info.plist */,
			);
			path = "Not Medium Widget";
			sourceTree = "<group>";
		};
/* End PBXGroup section */

/* Begin PBXNativeTarget section */
		D6BEB94825C7288B00D89546 /* MediumFollowers */ = {
			isa = PBXNativeTarget;
			buildConfigurationList = D6BEB95825C7288E00D89546 /* Build configuration list for PBXNativeTarget "MediumFollowers" */;
			buildPhases = (
				D6BEB94525C7288B00D89546 /* Sources */,
				D6BEB94625C7288B00D89546 /* Frameworks */,
				D6BEB94725C7288B00D89546 /* Resources */,
				D6E2F28025C7662700F8DA23 /* Embed App Extensions */,
			);
			buildRules = (
			);
			dependencies = (
				D6E2F27E25C7662700F8DA23 /* PBXTargetDependency */,
			);
			name = MediumFollowers;
			packageProductDependencies = (
				D6BEB95E25C7295500D89546 /* SwiftSoup */,
			);
			productName = MediumFollowers;
			productReference = D6BEB94925C7288B00D89546 /* MediumFollowers.app */;
			productType = "com.apple.product-type.application";
		};
		D6E2F26D25C7662600F8DA23 /* Not Medium WidgetExtension */ = {
			isa = PBXNativeTarget;
			buildConfigurationList = D6E2F28325C7662700F8DA23 /* Build configuration list for PBXNativeTarget "Not Medium WidgetExtension" */;
			buildPhases = (
				D6E2F26A25C7662600F8DA23 /* Sources */,
				D6E2F26B25C7662600F8DA23 /* Frameworks */,
				D6E2F26C25C7662600F8DA23 /* Resources */,
			);
			buildRules = (
			);
			dependencies = (
			);
			name = "Not Medium WidgetExtension";
			packageProductDependencies = (
				D6E2F28E25C76C8C00F8DA23 /* SwiftSoup */,
			);
			productName = "Not Medium WidgetExtension";
			productReference = D6E2F26E25C7662600F8DA23 /* Not Medium WidgetExtension.appex */;
			productType = "com.apple.product-type.app-extension";
		};
/* End PBXNativeTarget section */

/* Begin PBXProject section */
		D6BEB94125C7288B00D89546 /* Project object */ = {
			isa = PBXProject;
			attributes = {
				LastSwiftUpdateCheck = 1220;
				LastUpgradeCheck = 1220;
				TargetAttributes = {
					D6BEB94825C7288B00D89546 = {
						CreatedOnToolsVersion = 12.2;
					};
					D6E2F26D25C7662600F8DA23 = {
						CreatedOnToolsVersion = 12.2;
					};
				};
			};
			buildConfigurationList = D6BEB94425C7288B00D89546 /* Build configuration list for PBXProject "MediumFollowers" */;
			compatibilityVersion = "Xcode 9.3";
			developmentRegion = en;
			hasScannedForEncodings = 0;
			knownRegions = (
				en,
				Base,
			);
			mainGroup = D6BEB94025C7288B00D89546;
			packageReferences = (
				D6BEB95D25C7295500D89546 /* XCRemoteSwiftPackageReference "SwiftSoup" */,
			);
			productRefGroup = D6BEB94A25C7288B00D89546 /* Products */;
			projectDirPath = "";
			projectRoot = "";
			targets = (
				D6BEB94825C7288B00D89546 /* MediumFollowers */,
				D6E2F26D25C7662600F8DA23 /* Not Medium WidgetExtension */,
			);
		};
/* End PBXProject section */

/* Begin PBXResourcesBuildPhase section */
		D6BEB94725C7288B00D89546 /* Resources */ = {
			isa = PBXResourcesBuildPhase;
			buildActionMask = 2147483647;
			files = (
				D6BEB95425C7288E00D89546 /* Preview Assets.xcassets in Resources */,
				D6BEB95125C7288E00D89546 /* Assets.xcassets in Resources */,
				D6A6028225CF54650040430C /* default-profile-icon.jpg in Resources */,
			);
			runOnlyForDeploymentPostprocessing = 0;
		};
		D6E2F26C25C7662600F8DA23 /* Resources */ = {
			isa = PBXResourcesBuildPhase;
			buildActionMask = 2147483647;
			files = (
				D6E2F27925C7662700F8DA23 /* Assets.xcassets in Resources */,
			);
			runOnlyForDeploymentPostprocessing = 0;
		};
/* End PBXResourcesBuildPhase section */

/* Begin PBXSourcesBuildPhase section */
		D6BEB94525C7288B00D89546 /* Sources */ = {
			isa = PBXSourcesBuildPhase;
			buildActionMask = 2147483647;
			files = (
				D6C8F8AB25CA585B00472BAB /* User.swift in Sources */,
				D6925D3125CEBA4E0081F753 /* MediumAccountInfoView_Large.swift in Sources */,
				D68D29B625C73FF700B4DC67 /* Color+Extension.swift in Sources */,
				D6E2F27C25C7662700F8DA23 /* Not_Medium_Widget.intentdefinition in Sources */,
				D6731A9E25C86CC2005B137A /* ScaledFont.swift in Sources */,
				D6925D2E25CE91990081F753 /* MediumAccountInfoView_Medium.swift in Sources */,
				D6C8F8AE25CA772600472BAB /* MediumAccountInfo.swift in Sources */,
				D6BEB94F25C7288B00D89546 /* ContentView.swift in Sources */,
				D6BEB96525C72F3C00D89546 /* MediumDataFetcher.swift in Sources */,
				D6925D2B25CE51980081F753 /* TextView.swift in Sources */,
				D6BEB94D25C7288B00D89546 /* MediumFollowersApp.swift in Sources */,
				D6925D3425CF1C8D0081F753 /* FollowersView.swift in Sources */,
				D622D8D625CDCC87002B17EE /* MultilineTextView.swift in Sources */,
				D6BEB96E25C7312500D89546 /* CircleImageView.swift in Sources */,
				D6C8F8A525C9D34C00472BAB /* ProfileView.swift in Sources */,
				D6BEB96825C72F9900D89546 /* CounterView.swift in Sources */,
				D6A6027F25CF49500040430C /* ImageLoader.swift in Sources */,
				D6C8F8A825C9D57800472BAB /* MediumAccountInfoView_Small.swift in Sources */,
			);
			runOnlyForDeploymentPostprocessing = 0;
		};
		D6E2F26A25C7662600F8DA23 /* Sources */ = {
			isa = PBXSourcesBuildPhase;
			buildActionMask = 2147483647;
			files = (
				D6E2F28B25C766D200F8DA23 /* CircleImageView.swift in Sources */,
				D6C8F8A925C9D57800472BAB /* MediumAccountInfoView_Small.swift in Sources */,
				D6E2F28725C766D200F8DA23 /* CounterView.swift in Sources */,
				D6C8F8A625C9D34C00472BAB /* ProfileView.swift in Sources */,
				D622D8D725CDCC87002B17EE /* MultilineTextView.swift in Sources */,
				D6E2F28925C766D200F8DA23 /* Color+Extension.swift in Sources */,
				D6925D3525CF1C8D0081F753 /* FollowersView.swift in Sources */,
				D6E2F27625C7662600F8DA23 /* Not_Medium_Widget.swift in Sources */,
				D6925D3225CEBA4E0081F753 /* MediumAccountInfoView_Large.swift in Sources */,
				D6925D2C25CE51980081F753 /* TextView.swift in Sources */,
				D6A6028025CF49500040430C /* ImageLoader.swift in Sources */,
				D6925D2F25CE91990081F753 /* MediumAccountInfoView_Medium.swift in Sources */,
				D6C8F8AC25CA585B00472BAB /* User.swift in Sources */,
				D6731A9F25C86CC3005B137A /* ScaledFont.swift in Sources */,
				D6E2F28825C766D200F8DA23 /* MediumDataFetcher.swift in Sources */,
				D6C8F8AF25CA772600472BAB /* MediumAccountInfo.swift in Sources */,
				D6E2F27B25C7662700F8DA23 /* Not_Medium_Widget.intentdefinition in Sources */,
			);
			runOnlyForDeploymentPostprocessing = 0;
		};
/* End PBXSourcesBuildPhase section */

/* Begin PBXTargetDependency section */
		D6E2F27E25C7662700F8DA23 /* PBXTargetDependency */ = {
			isa = PBXTargetDependency;
			target = D6E2F26D25C7662600F8DA23 /* Not Medium WidgetExtension */;
			targetProxy = D6E2F27D25C7662700F8DA23 /* PBXContainerItemProxy */;
		};
/* End PBXTargetDependency section */

/* Begin XCBuildConfiguration section */
		D6BEB95625C7288E00D89546 /* Debug */ = {
			isa = XCBuildConfiguration;
			buildSettings = {
				ALWAYS_SEARCH_USER_PATHS = NO;
				CLANG_ANALYZER_NONNULL = YES;
				CLANG_ANALYZER_NUMBER_OBJECT_CONVERSION = YES_AGGRESSIVE;
				CLANG_CXX_LANGUAGE_STANDARD = "gnu++14";
				CLANG_CXX_LIBRARY = "libc++";
				CLANG_ENABLE_MODULES = YES;
				CLANG_ENABLE_OBJC_ARC = YES;
				CLANG_ENABLE_OBJC_WEAK = YES;
				CLANG_WARN_BLOCK_CAPTURE_AUTORELEASING = YES;
				CLANG_WARN_BOOL_CONVERSION = YES;
				CLANG_WARN_COMMA = YES;
				CLANG_WARN_CONSTANT_CONVERSION = YES;
				CLANG_WARN_DEPRECATED_OBJC_IMPLEMENTATIONS = YES;
				CLANG_WARN_DIRECT_OBJC_ISA_USAGE = YES_ERROR;
				CLANG_WARN_DOCUMENTATION_COMMENTS = YES;
				CLANG_WARN_EMPTY_BODY = YES;
				CLANG_WARN_ENUM_CONVERSION = YES;
				CLANG_WARN_INFINITE_RECURSION = YES;
				CLANG_WARN_INT_CONVERSION = YES;
				CLANG_WARN_NON_LITERAL_NULL_CONVERSION = YES;
				CLANG_WARN_OBJC_IMPLICIT_RETAIN_SELF = YES;
				CLANG_WARN_OBJC_LITERAL_CONVERSION = YES;
				CLANG_WARN_OBJC_ROOT_CLASS = YES_ERROR;
				CLANG_WARN_QUOTED_INCLUDE_IN_FRAMEWORK_HEADER = YES;
				CLANG_WARN_RANGE_LOOP_ANALYSIS = YES;
				CLANG_WARN_STRICT_PROTOTYPES = YES;
				CLANG_WARN_SUSPICIOUS_MOVE = YES;
				CLANG_WARN_UNGUARDED_AVAILABILITY = YES_AGGRESSIVE;
				CLANG_WARN_UNREACHABLE_CODE = YES;
				CLANG_WARN__DUPLICATE_METHOD_MATCH = YES;
				COPY_PHASE_STRIP = NO;
				DEBUG_INFORMATION_FORMAT = dwarf;
				ENABLE_STRICT_OBJC_MSGSEND = YES;
				ENABLE_TESTABILITY = YES;
				GCC_C_LANGUAGE_STANDARD = gnu11;
				GCC_DYNAMIC_NO_PIC = NO;
				GCC_NO_COMMON_BLOCKS = YES;
				GCC_OPTIMIZATION_LEVEL = 0;
				GCC_PREPROCESSOR_DEFINITIONS = (
					"DEBUG=1",
					"$(inherited)",
				);
				GCC_WARN_64_TO_32_BIT_CONVERSION = YES;
				GCC_WARN_ABOUT_RETURN_TYPE = YES_ERROR;
				GCC_WARN_UNDECLARED_SELECTOR = YES;
				GCC_WARN_UNINITIALIZED_AUTOS = YES_AGGRESSIVE;
				GCC_WARN_UNUSED_FUNCTION = YES;
				GCC_WARN_UNUSED_VARIABLE = YES;
				IPHONEOS_DEPLOYMENT_TARGET = 14.2;
				MTL_ENABLE_DEBUG_INFO = INCLUDE_SOURCE;
				MTL_FAST_MATH = YES;
				ONLY_ACTIVE_ARCH = YES;
				SDKROOT = iphoneos;
				SWIFT_ACTIVE_COMPILATION_CONDITIONS = DEBUG;
				SWIFT_OPTIMIZATION_LEVEL = "-Onone";
			};
			name = Debug;
		};
		D6BEB95725C7288E00D89546 /* Release */ = {
			isa = XCBuildConfiguration;
			buildSettings = {
				ALWAYS_SEARCH_USER_PATHS = NO;
				CLANG_ANALYZER_NONNULL = YES;
				CLANG_ANALYZER_NUMBER_OBJECT_CONVERSION = YES_AGGRESSIVE;
				CLANG_CXX_LANGUAGE_STANDARD = "gnu++14";
				CLANG_CXX_LIBRARY = "libc++";
				CLANG_ENABLE_MODULES = YES;
				CLANG_ENABLE_OBJC_ARC = YES;
				CLANG_ENABLE_OBJC_WEAK = YES;
				CLANG_WARN_BLOCK_CAPTURE_AUTORELEASING = YES;
				CLANG_WARN_BOOL_CONVERSION = YES;
				CLANG_WARN_COMMA = YES;
				CLANG_WARN_CONSTANT_CONVERSION = YES;
				CLANG_WARN_DEPRECATED_OBJC_IMPLEMENTATIONS = YES;
				CLANG_WARN_DIRECT_OBJC_ISA_USAGE = YES_ERROR;
				CLANG_WARN_DOCUMENTATION_COMMENTS = YES;
				CLANG_WARN_EMPTY_BODY = YES;
				CLANG_WARN_ENUM_CONVERSION = YES;
				CLANG_WARN_INFINITE_RECURSION = YES;
				CLANG_WARN_INT_CONVERSION = YES;
				CLANG_WARN_NON_LITERAL_NULL_CONVERSION = YES;
				CLANG_WARN_OBJC_IMPLICIT_RETAIN_SELF = YES;
				CLANG_WARN_OBJC_LITERAL_CONVERSION = YES;
				CLANG_WARN_OBJC_ROOT_CLASS = YES_ERROR;
				CLANG_WARN_QUOTED_INCLUDE_IN_FRAMEWORK_HEADER = YES;
				CLANG_WARN_RANGE_LOOP_ANALYSIS = YES;
				CLANG_WARN_STRICT_PROTOTYPES = YES;
				CLANG_WARN_SUSPICIOUS_MOVE = YES;
				CLANG_WARN_UNGUARDED_AVAILABILITY = YES_AGGRESSIVE;
				CLANG_WARN_UNREACHABLE_CODE = YES;
				CLANG_WARN__DUPLICATE_METHOD_MATCH = YES;
				COPY_PHASE_STRIP = NO;
				DEBUG_INFORMATION_FORMAT = "dwarf-with-dsym";
				ENABLE_NS_ASSERTIONS = NO;
				ENABLE_STRICT_OBJC_MSGSEND = YES;
				GCC_C_LANGUAGE_STANDARD = gnu11;
				GCC_NO_COMMON_BLOCKS = YES;
				GCC_WARN_64_TO_32_BIT_CONVERSION = YES;
				GCC_WARN_ABOUT_RETURN_TYPE = YES_ERROR;
				GCC_WARN_UNDECLARED_SELECTOR = YES;
				GCC_WARN_UNINITIALIZED_AUTOS = YES_AGGRESSIVE;
				GCC_WARN_UNUSED_FUNCTION = YES;
				GCC_WARN_UNUSED_VARIABLE = YES;
				IPHONEOS_DEPLOYMENT_TARGET = 14.2;
				MTL_ENABLE_DEBUG_INFO = NO;
				MTL_FAST_MATH = YES;
				SDKROOT = iphoneos;
				SWIFT_COMPILATION_MODE = wholemodule;
				SWIFT_OPTIMIZATION_LEVEL = "-O";
				VALIDATE_PRODUCT = YES;
			};
			name = Release;
		};
		D6BEB95925C7288E00D89546 /* Debug */ = {
			isa = XCBuildConfiguration;
			buildSettings = {
				ALWAYS_EMBED_SWIFT_STANDARD_LIBRARIES = YES;
				ASSETCATALOG_COMPILER_APPICON_NAME = AppIcon;
				ASSETCATALOG_COMPILER_GLOBAL_ACCENT_COLOR_NAME = AccentColor;
				CODE_SIGN_STYLE = Automatic;
				DEVELOPMENT_ASSET_PATHS = "\"MediumFollowers/Preview Content\"";
				DEVELOPMENT_TEAM = B6LN4XWA2V;
				ENABLE_PREVIEWS = YES;
				INFOPLIST_FILE = MediumFollowers/Info.plist;
				IPHONEOS_DEPLOYMENT_TARGET = 14.0;
				LD_RUNPATH_SEARCH_PATHS = (
					"$(inherited)",
					"@executable_path/Frameworks",
				);
				PRODUCT_BUNDLE_IDENTIFIER = com.va.MediumFollowers;
				PRODUCT_NAME = "$(TARGET_NAME)";
				SWIFT_VERSION = 5.0;
				TARGETED_DEVICE_FAMILY = "1,2";
			};
			name = Debug;
		};
		D6BEB95A25C7288E00D89546 /* Release */ = {
			isa = XCBuildConfiguration;
			buildSettings = {
				ALWAYS_EMBED_SWIFT_STANDARD_LIBRARIES = YES;
				ASSETCATALOG_COMPILER_APPICON_NAME = AppIcon;
				ASSETCATALOG_COMPILER_GLOBAL_ACCENT_COLOR_NAME = AccentColor;
				CODE_SIGN_STYLE = Automatic;
				DEVELOPMENT_ASSET_PATHS = "\"MediumFollowers/Preview Content\"";
				DEVELOPMENT_TEAM = B6LN4XWA2V;
				ENABLE_PREVIEWS = YES;
				INFOPLIST_FILE = MediumFollowers/Info.plist;
				IPHONEOS_DEPLOYMENT_TARGET = 14.0;
				LD_RUNPATH_SEARCH_PATHS = (
					"$(inherited)",
					"@executable_path/Frameworks",
				);
				PRODUCT_BUNDLE_IDENTIFIER = com.va.MediumFollowers;
				PRODUCT_NAME = "$(TARGET_NAME)";
				SWIFT_VERSION = 5.0;
				TARGETED_DEVICE_FAMILY = "1,2";
			};
			name = Release;
		};
		D6E2F28125C7662700F8DA23 /* Debug */ = {
			isa = XCBuildConfiguration;
			buildSettings = {
				ASSETCATALOG_COMPILER_GLOBAL_ACCENT_COLOR_NAME = AccentColor;
				ASSETCATALOG_COMPILER_WIDGET_BACKGROUND_COLOR_NAME = WidgetBackground;
				CODE_SIGN_STYLE = Automatic;
				DEVELOPMENT_TEAM = B6LN4XWA2V;
				INFOPLIST_FILE = "Not Medium Widget/Info.plist";
				LD_RUNPATH_SEARCH_PATHS = (
					"$(inherited)",
					"@executable_path/Frameworks",
					"@executable_path/../../Frameworks",
				);
				PRODUCT_BUNDLE_IDENTIFIER = "com.va.MediumFollowers.Not-Medium-Widget";
				PRODUCT_NAME = "$(TARGET_NAME)";
				SKIP_INSTALL = YES;
				SWIFT_VERSION = 5.0;
				TARGETED_DEVICE_FAMILY = "1,2";
			};
			name = Debug;
		};
		D6E2F28225C7662700F8DA23 /* Release */ = {
			isa = XCBuildConfiguration;
			buildSettings = {
				ASSETCATALOG_COMPILER_GLOBAL_ACCENT_COLOR_NAME = AccentColor;
				ASSETCATALOG_COMPILER_WIDGET_BACKGROUND_COLOR_NAME = WidgetBackground;
				CODE_SIGN_STYLE = Automatic;
				DEVELOPMENT_TEAM = B6LN4XWA2V;
				INFOPLIST_FILE = "Not Medium Widget/Info.plist";
				LD_RUNPATH_SEARCH_PATHS = (
					"$(inherited)",
					"@executable_path/Frameworks",
					"@executable_path/../../Frameworks",
				);
				PRODUCT_BUNDLE_IDENTIFIER = "com.va.MediumFollowers.Not-Medium-Widget";
				PRODUCT_NAME = "$(TARGET_NAME)";
				SKIP_INSTALL = YES;
				SWIFT_VERSION = 5.0;
				TARGETED_DEVICE_FAMILY = "1,2";
			};
			name = Release;
		};
/* End XCBuildConfiguration section */

/* Begin XCConfigurationList section */
		D6BEB94425C7288B00D89546 /* Build configuration list for PBXProject "MediumFollowers" */ = {
			isa = XCConfigurationList;
			buildConfigurations = (
				D6BEB95625C7288E00D89546 /* Debug */,
				D6BEB95725C7288E00D89546 /* Release */,
			);
			defaultConfigurationIsVisible = 0;
			defaultConfigurationName = Release;
		};
		D6BEB95825C7288E00D89546 /* Build configuration list for PBXNativeTarget "MediumFollowers" */ = {
			isa = XCConfigurationList;
			buildConfigurations = (
				D6BEB95925C7288E00D89546 /* Debug */,
				D6BEB95A25C7288E00D89546 /* Release */,
			);
			defaultConfigurationIsVisible = 0;
			defaultConfigurationName = Release;
		};
		D6E2F28325C7662700F8DA23 /* Build configuration list for PBXNativeTarget "Not Medium WidgetExtension" */ = {
			isa = XCConfigurationList;
			buildConfigurations = (
				D6E2F28125C7662700F8DA23 /* Debug */,
				D6E2F28225C7662700F8DA23 /* Release */,
			);
			defaultConfigurationIsVisible = 0;
			defaultConfigurationName = Release;
		};
/* End XCConfigurationList section */

/* Begin XCRemoteSwiftPackageReference section */
		D6BEB95D25C7295500D89546 /* XCRemoteSwiftPackageReference "SwiftSoup" */ = {
			isa = XCRemoteSwiftPackageReference;
			repositoryURL = "https://github.com/scinfu/SwiftSoup.git";
			requirement = {
				kind = upToNextMajorVersion;
				minimumVersion = 2.3.2;
			};
		};
/* End XCRemoteSwiftPackageReference section */

/* Begin XCSwiftPackageProductDependency section */
		D6BEB95E25C7295500D89546 /* SwiftSoup */ = {
			isa = XCSwiftPackageProductDependency;
			package = D6BEB95D25C7295500D89546 /* XCRemoteSwiftPackageReference "SwiftSoup" */;
			productName = SwiftSoup;
		};
		D6E2F28E25C76C8C00F8DA23 /* SwiftSoup */ = {
			isa = XCSwiftPackageProductDependency;
			package = D6BEB95D25C7295500D89546 /* XCRemoteSwiftPackageReference "SwiftSoup" */;
			productName = SwiftSoup;
		};
/* End XCSwiftPackageProductDependency section */
	};
	rootObject = D6BEB94125C7288B00D89546 /* Project object */;
}
